
Microsoft Visual Studio Solution File, Format Version 12.00
# Visual Studio Version 16
VisualStudioVersion = 16.0.30611.23
MinimumVisualStudioVersion = 10.0.40219.1
Project("{FAE04EC0-301F-11D3-BF4B-00C04F79EFBC}") = "PetsDate", "PetsDate\PetsDate.csproj", "{205075EB-C373-43E5-9844-3FE049D6D697}"
EndProject
Global
	GlobalSection(SolutionConfigurationPlatforms) = preSolution
		Debug|Any CPU = Debug|Any CPU
		Release|Any CPU = Release|Any CPU
	EndGlobalSection
	GlobalSection(ProjectConfigurationPlatforms) = postSolution
		{205075EB-C373-43E5-9844-3FE049D6D697}.Debug|Any CPU.ActiveCfg = Debug|Any CPU
		{205075EB-C373-43E5-9844-3FE049D6D697}.Debug|Any CPU.Build.0 = Debug|Any CPU
		{205075EB-C373-43E5-9844-3FE049D6D697}.Release|Any CPU.ActiveCfg = Release|Any CPU
		{205075EB-C373-43E5-9844-3FE049D6D697}.Release|Any CPU.Build.0 = Release|Any CPU
	EndGlobalSection
	GlobalSection(SolutionProperties) = preSolution
		HideSolutionNode = FALSE
	EndGlobalSection
	GlobalSection(ExtensibilityGlobals) = postSolution
		SolutionGuid = {D7C1AB37-C740-44CC-A61B-4A29F932D53B}
	EndGlobalSection
EndGlobal
